<?xml version="1.0" encoding="utf-8"?>
<Project ToolsVersion="4.0" xmlns="http://schemas.microsoft.com/developer/msbuild/2003">
  <ItemGroup>
    <Filter Include="Source">
      <UniqueIdentifier>{4FC737F1-C7A5-4376-A066-2A32D752A2FF}</UniqueIdentifier>
      <Extensions>cpp;c;cc;cxx;def;odl;idl;hpj;bat;asm;asmx</Extensions>
    </Filter>
    <Filter Include="Resources">
      <UniqueIdentifier>{67DA6AB6-F800-4c08-8B7A-83BB121AAD01}</UniqueIdentifier>
      <Extensions>rc;ico;cur;bmp;dlg;rc2;rct;bin;rgs;gif;jpg;jpeg;jpe;resx;tiff;tif;png;wav;mfcribbon-ms</Extensions>
    </Filter>
    <Filter Include="Headers">
      <UniqueIdentifier>{93995380-89BD-4b04-88EB-625FBE52EBFB}</UniqueIdentifier>
      <Extensions>h;hpp;hxx;hm;inl;inc;xsd</Extensions>
    </Filter>
    <Filter Include="Headers\Entities">
      <UniqueIdentifier>{edb3b5fc-7e07-4d4b-bb51-7b9d975da6fe}</UniqueIdentifier>
    </Filter>
    <Filter Include="Headers\Helpers">
      <UniqueIdentifier>{3974d202-4013-43ee-b10e-900c7cc3fd4d}</UniqueIdentifier>
    </Filter>
    <Filter Include="Headers\Resources">
      <UniqueIdentifier>{204865db-bbef-4e27-8efe-b4875f8e4b9f}</UniqueIdentifier>
    </Filter>
    <Filter Include="Source\Helpers">
      <UniqueIdentifier>{d57738c5-794c-477f-a525-226210be81d4}</UniqueIdentifier>
    </Filter>
    <Filter Include="Headers\Windows">
      <UniqueIdentifier>{ec59e91e-70dd-4d6f-9e4e-4e257bbf2de9}</UniqueIdentifier>
    </Filter>
    <Filter Include="Source\Windows">
      <UniqueIdentifier>{78f06b4d-3990-40a6-a7bf-09dba8eb05e8}</UniqueIdentifier>
    </Filter>
    <Filter Include="Source\Entities">
      <UniqueIdentifier>{8ebbfb1e-a750-437d-9e35-7c85c11e79f3}</UniqueIdentifier>
    </Filter>
    <Filter Include="Source\Windows\Content">
      <UniqueIdentifier>{537636ef-40f6-455f-9a7e-1df7e17b8159}</UniqueIdentifier>
    </Filter>
    <Filter Include="Source\Windows\Content\Base">
      <UniqueIdentifier>{3d09291e-4b90-41ff-95ac-b1f681efbb19}</UniqueIdentifier>
    </Filter>
    <Filter Include="Source\Windows\Buttons">
      <UniqueIdentifier>{1a267c04-ff9c-4add-a7c5-4e0cc4e5f892}</UniqueIdentifier>
    </Filter>
    <Filter Include="Headers\Windows\Content">
      <UniqueIdentifier>{921224de-b7af-4c67-a280-7aa7cb14a63f}</UniqueIdentifier>
    </Filter>
    <Filter Include="Headers\Windows\Content\Base">
      <UniqueIdentifier>{b75eba6c-5cae-4370-a87e-16715df8b44d}</UniqueIdentifier>
    </Filter>
    <Filter Include="Source\TranslateEngine">
      <UniqueIdentifier>{264d8a42-5cc5-440c-b49f-b8684f24bfb5}</UniqueIdentifier>
    </Filter>
    <Filter Include="Headers\TranslateEngine">
      <UniqueIdentifier>{5550d246-f9d9-41e2-9665-358023bd6fd7}</UniqueIdentifier>
    </Filter>
    <Filter Include="Headers\PrecompiledHeaders">
      <UniqueIdentifier>{e1a7bde5-b6e4-4265-844b-1892921145d2}</UniqueIdentifier>
    </Filter>
    <Filter Include="Source\PrecompliedHeaders">
      <UniqueIdentifier>{68bfe051-f900-4a55-8b9a-b6bc8f709e60}</UniqueIdentifier>
    </Filter>
    <Filter Include="Headers\Windows\Buttons">
      <UniqueIdentifier>{f0bb7d86-ece3-4552-b0da-ddf1e05099fc}</UniqueIdentifier>
    </Filter>
  </ItemGroup>
  <ItemGroup>
    <ClCompile Include="Source\main.cpp">
      <Filter>Source</Filter>
    </ClCompile>
    <ClCompile Include="Source\Windows\Buttons\AudioButtonWindow.cpp">
      <Filter>Source\Windows\Buttons</Filter>
    </ClCompile>
    <ClCompile Include="Source\Windows\Content\Base\ContentWindow.cpp">
      <Filter>Source\Windows\Content\Base</Filter>
    </ClCompile>
    <ClCompile Include="Source\Windows\Content\HeaderWindow.cpp">
      <Filter>Source\Windows\Content</Filter>
    </ClCompile>
    <ClCompile Include="Source\Windows\MainWindow.cpp">
      <Filter>Source\Windows</Filter>
    </ClCompile>
    <ClCompile Include="Source\Helpers\RequestHelper.cpp">
      <Filter>Source\Helpers</Filter>
    </ClCompile>
    <ClCompile Include="Source\PrecompiledHeaders\stdafx.cpp">
      <Filter>Source\PrecompliedHeaders</Filter>
    </ClCompile>
    <ClCompile Include="Source\Helpers\TextExtractor.cpp">
      <Filter>Source\Helpers</Filter>
    </ClCompile>
    <ClCompile Include="Source\TranslateEngine\TextPlayer.cpp">
      <Filter>Source\TranslateEngine</Filter>
    </ClCompile>
    <ClCompile Include="Source\Entities\TranslateResult.cpp">
      <Filter>Source\Entities</Filter>
    </ClCompile>
    <ClCompile Include="Source\Windows\Content\TranslateResultWindow.cpp">
      <Filter>Source\Windows\Content</Filter>
    </ClCompile>
    <ClCompile Include="Source\TranslateEngine\Translator.cpp">
      <Filter>Source\TranslateEngine</Filter>
    </ClCompile>
    <ClCompile Include="Source\Helpers\Utilities.cpp">
      <Filter>Source\Helpers</Filter>
    </ClCompile>
    <ClCompile Include="Source\Windows\Buttons\ExpandButtonWindow.cpp">
      <Filter>Source\Windows\Buttons</Filter>
    </ClCompile>
  </ItemGroup>
  <ItemGroup>
    <Image Include="Resources\SelectedTextTranslate.ico">
      <Filter>Resources</Filter>
    </Image>
    <Image Include="Resources\Audio.bmp">
      <Filter>Resources</Filter>
    </Image>
    <Image Include="Resources\Audio_Inactive.bmp">
      <Filter>Resources</Filter>
    </Image>
  </ItemGroup>
  <ItemGroup>
    <ClInclude Include="Resources\resource.h">
      <Filter>Headers\Resources</Filter>
    </ClInclude>
    <ClInclude Include="Headers\Entities\TranslateResult.h">
      <Filter>Headers\Entities</Filter>
    </ClInclude>
    <ClInclude Include="Headers\Entities\TranslateResultDictionary.h">
      <Filter>Headers\Entities</Filter>
    </ClInclude>
    <ClInclude Include="Headers\Entities\TranslateResultDictionaryEntry.h">
      <Filter>Headers\Entities</Filter>
    </ClInclude>
    <ClInclude Include="Headers\Entities\TranslateResultSentence.h">
      <Filter>Headers\Entities</Filter>
    </ClInclude>
    <ClInclude Include="Headers\Helpers\RequestHelper.h">
      <Filter>Headers\Helpers</Filter>
    </ClInclude>
    <ClInclude Include="Headers\Helpers\TextExtractor.h">
      <Filter>Headers\Helpers</Filter>
    </ClInclude>
    <ClInclude Include="Headers\Helpers\Utilities.h">
      <Filter>Headers\Helpers</Filter>
    </ClInclude>
    <ClInclude Include="Headers\PrecompiledHeaders\stdafx.h">
      <Filter>Headers\PrecompiledHeaders</Filter>
    </ClInclude>
    <ClInclude Include="Headers\TranslateEngine\TextPlayer.h">
      <Filter>Headers\TranslateEngine</Filter>
    </ClInclude>
    <ClInclude Include="Headers\TranslateEngine\Translator.h">
      <Filter>Headers\TranslateEngine</Filter>
    </ClInclude>
    <ClInclude Include="Headers\WIndows\Buttons\AudioButtonWindow.h">
      <Filter>Headers\Windows\Buttons</Filter>
    </ClInclude>
    <ClInclude Include="Headers\WIndows\Content\Base\ContentWindow.h">
      <Filter>Headers\Windows\Content\Base</Filter>
    </ClInclude>
    <ClInclude Include="Headers\WIndows\Content\HeaderWindow.h">
      <Filter>Headers\Windows\Content</Filter>
    </ClInclude>
    <ClInclude Include="Headers\WIndows\Content\TranslateResultWindow.h">
      <Filter>Headers\Windows\Content</Filter>
    </ClInclude>
    <ClInclude Include="Headers\WIndows\MainWindow.h">
      <Filter>Headers\Windows</Filter>
    </ClInclude>
    <ClInclude Include="Headers\WIndows\Buttons\ExpandButtonWindow.h">
      <Filter>Headers\Windows\Buttons</Filter>
    </ClInclude>
  </ItemGroup>
  <ItemGroup>
    <ResourceCompile Include="Resources\SelectedTextTranslate.rc">
      <Filter>Resources</Filter>
    </ResourceCompile>
  </ItemGroup>
</Project>