<?xml version="1.0" encoding="utf-8"?>
<Project ToolsVersion="4.0" xmlns="http://schemas.microsoft.com/developer/msbuild/2003">
  <ItemGroup>
    <Filter Include="Source">
      <UniqueIdentifier>{4FC737F1-C7A5-4376-A066-2A32D752A2FF}</UniqueIdentifier>
      <Extensions>cpp;c;cc;cxx;def;odl;idl;hpj;bat;asm;asmx</Extensions>
    </Filter>
    <Filter Include="Resources">
      <UniqueIdentifier>{67DA6AB6-F800-4c08-8B7A-83BB121AAD01}</UniqueIdentifier>
      <Extensions>rc;ico;cur;bmp;dlg;rc2;rct;bin;rgs;gif;jpg;jpeg;jpe;resx;tiff;tif;png;wav;mfcribbon-ms</Extensions>
    </Filter>
    <Filter Include="Headers">
      <UniqueIdentifier>{93995380-89BD-4b04-88EB-625FBE52EBFB}</UniqueIdentifier>
      <Extensions>h;hpp;hxx;hm;inl;inc;xsd</Extensions>
    </Filter>
    <Filter Include="Headers\Entities">
      <UniqueIdentifier>{edb3b5fc-7e07-4d4b-bb51-7b9d975da6fe}</UniqueIdentifier>
    </Filter>
    <Filter Include="Headers\Precompiled Headers">
      <UniqueIdentifier>{e1a7bde5-b6e4-4265-844b-1892921145d2}</UniqueIdentifier>
    </Filter>
    <Filter Include="Source\Precomplied Headers">
      <UniqueIdentifier>{68bfe051-f900-4a55-8b9a-b6bc8f709e60}</UniqueIdentifier>
    </Filter>
    <Filter Include="Headers\Helpers">
      <UniqueIdentifier>{3974d202-4013-43ee-b10e-900c7cc3fd4d}</UniqueIdentifier>
    </Filter>
    <Filter Include="Headers\Resources">
      <UniqueIdentifier>{204865db-bbef-4e27-8efe-b4875f8e4b9f}</UniqueIdentifier>
    </Filter>
    <Filter Include="Source\Helpers">
      <UniqueIdentifier>{d57738c5-794c-477f-a525-226210be81d4}</UniqueIdentifier>
    </Filter>
  </ItemGroup>
  <ItemGroup>
    <ClCompile Include="Source\MainWindow.cpp">
      <Filter>Source</Filter>
    </ClCompile>
    <ClCompile Include="Source\stdafx.cpp">
      <Filter>Source\Precomplied Headers</Filter>
    </ClCompile>
    <ClCompile Include="Source\RequestHelper.cpp">
      <Filter>Source\Helpers</Filter>
    </ClCompile>
    <ClCompile Include="Source\TextExtractor.cpp">
      <Filter>Source\Helpers</Filter>
    </ClCompile>
    <ClCompile Include="Source\main.cpp">
      <Filter>Source</Filter>
    </ClCompile>
    <ClCompile Include="Source\Translator.cpp">
      <Filter>Source</Filter>
    </ClCompile>
    <ClCompile Include="Source\TextPlayer.cpp">
      <Filter>Source</Filter>
    </ClCompile>
  </ItemGroup>
  <ItemGroup>
    <Image Include="Resources\SelectedTextTranslate.ico">
      <Filter>Resources</Filter>
    </Image>
    <Image Include="Resources\Audio.bmp">
      <Filter>Resources</Filter>
    </Image>
  </ItemGroup>
  <ItemGroup>
    <ClInclude Include="Headers\MainWindow.h">
      <Filter>Headers</Filter>
    </ClInclude>
    <ClInclude Include="Headers\stdafx.h">
      <Filter>Headers\Precompiled Headers</Filter>
    </ClInclude>
    <ClInclude Include="Headers\RequestHelper.h">
      <Filter>Headers\Helpers</Filter>
    </ClInclude>
    <ClInclude Include="Headers\TextExtractor.h">
      <Filter>Headers\Helpers</Filter>
    </ClInclude>
    <ClInclude Include="Headers\TranslateResult.h">
      <Filter>Headers\Entities</Filter>
    </ClInclude>
    <ClInclude Include="Headers\TranslateResultDictionary.h">
      <Filter>Headers\Entities</Filter>
    </ClInclude>
    <ClInclude Include="Headers\TranslateResultDictionaryEntry.h">
      <Filter>Headers\Entities</Filter>
    </ClInclude>
    <ClInclude Include="Headers\TranslateResultSentence.h">
      <Filter>Headers\Entities</Filter>
    </ClInclude>
    <ClInclude Include="Headers\Translator.h">
      <Filter>Headers</Filter>
    </ClInclude>
    <ClInclude Include="Headers\TextPlayer.h">
      <Filter>Headers</Filter>
    </ClInclude>
    <ClInclude Include="Resources\resource.h">
      <Filter>Headers\Resources</Filter>
    </ClInclude>
  </ItemGroup>
  <ItemGroup>
    <ResourceCompile Include="Resources\SelectedTextTranslate.rc">
      <Filter>Resources</Filter>
    </ResourceCompile>
  </ItemGroup>
</Project>