<?xml version="1.0" encoding="utf-8"?>
<Project ToolsVersion="4.0" xmlns="http://schemas.microsoft.com/developer/msbuild/2003">
  <ItemGroup>
    <Filter Include="Source">
      <UniqueIdentifier>{4FC737F1-C7A5-4376-A066-2A32D752A2FF}</UniqueIdentifier>
      <Extensions>cpp;c;cc;cxx;def;odl;idl;hpj;bat;asm;asmx</Extensions>
    </Filter>
    <Filter Include="Resources">
      <UniqueIdentifier>{67DA6AB6-F800-4c08-8B7A-83BB121AAD01}</UniqueIdentifier>
      <Extensions>rc;ico;cur;bmp;dlg;rc2;rct;bin;rgs;gif;jpg;jpeg;jpe;resx;tiff;tif;png;wav;mfcribbon-ms</Extensions>
    </Filter>
    <Filter Include="Source">
      <UniqueIdentifier>{93995380-89BD-4b04-88EB-625FBE52EBFB}</UniqueIdentifier>
      <Extensions>h;hpp;hxx;hm;inl;inc;xsd</Extensions>
    </Filter>
    <Filter Include="Source\Entities">
      <UniqueIdentifier>{edb3b5fc-7e07-4d4b-bb51-7b9d975da6fe}</UniqueIdentifier>
    </Filter>
    <Filter Include="Source\Helpers">
      <UniqueIdentifier>{3974d202-4013-43ee-b10e-900c7cc3fd4d}</UniqueIdentifier>
    </Filter>
    <Filter Include="Source\Helpers">
      <UniqueIdentifier>{d57738c5-794c-477f-a525-226210be81d4}</UniqueIdentifier>
    </Filter>
    <Filter Include="Source\Windows">
      <UniqueIdentifier>{ec59e91e-70dd-4d6f-9e4e-4e257bbf2de9}</UniqueIdentifier>
    </Filter>
    <Filter Include="Source\Windows">
      <UniqueIdentifier>{78f06b4d-3990-40a6-a7bf-09dba8eb05e8}</UniqueIdentifier>
    </Filter>
    <Filter Include="Source\Entities">
      <UniqueIdentifier>{8ebbfb1e-a750-437d-9e35-7c85c11e79f3}</UniqueIdentifier>
    </Filter>
    <Filter Include="Source\Windows\Content">
      <UniqueIdentifier>{537636ef-40f6-455f-9a7e-1df7e17b8159}</UniqueIdentifier>
    </Filter>
    <Filter Include="Source\Windows\Content\Base">
      <UniqueIdentifier>{3d09291e-4b90-41ff-95ac-b1f681efbb19}</UniqueIdentifier>
    </Filter>
    <Filter Include="Source\Windows\Content">
      <UniqueIdentifier>{921224de-b7af-4c67-a280-7aa7cb14a63f}</UniqueIdentifier>
    </Filter>
    <Filter Include="Source\Windows\Content\Base">
      <UniqueIdentifier>{b75eba6c-5cae-4370-a87e-16715df8b44d}</UniqueIdentifier>
    </Filter>
    <Filter Include="Source\TranslateEngine">
      <UniqueIdentifier>{264d8a42-5cc5-440c-b49f-b8684f24bfb5}</UniqueIdentifier>
    </Filter>
    <Filter Include="Source\TranslateEngine">
      <UniqueIdentifier>{5550d246-f9d9-41e2-9665-358023bd6fd7}</UniqueIdentifier>
    </Filter>
    <Filter Include="Source\PrecompiledSource">
      <UniqueIdentifier>{e1a7bde5-b6e4-4265-844b-1892921145d2}</UniqueIdentifier>
    </Filter>
    <Filter Include="Source\Loggers">
      <UniqueIdentifier>{28e01299-9b47-44d4-af0c-b914c5824d4e}</UniqueIdentifier>
    </Filter>
    <Filter Include="Source\Loggers">
      <UniqueIdentifier>{1f13bcd9-830e-4567-b482-4f19e423f3d2}</UniqueIdentifier>
    </Filter>
    <Filter Include="Source\Windows\Base">
      <UniqueIdentifier>{2912a327-fc41-4330-ab57-de41b2f6ac12}</UniqueIdentifier>
    </Filter>
    <Filter Include="Source\Windows\Framework">
      <UniqueIdentifier>{95360e94-4027-4e06-b00c-0daa879080ba}</UniqueIdentifier>
    </Filter>
    <Filter Include="Source\Windows\Framework\Enums">
      <UniqueIdentifier>{cc90c993-6d3d-42bc-b0fb-107b4a0e4859}</UniqueIdentifier>
    </Filter>
    <Filter Include="Source\Windows\Framework\Dto">
      <UniqueIdentifier>{97d00024-acb7-455a-97e0-23ebc3bb7c6e}</UniqueIdentifier>
    </Filter>
    <Filter Include="Source\Model">
      <UniqueIdentifier>{3ae07f34-2768-4bb9-8fca-9480c7647ad0}</UniqueIdentifier>
    </Filter>
    <Filter Include="Source\Model\Enums">
      <UniqueIdentifier>{8e8f7a48-82a3-4cb0-89a7-1761111bd46a}</UniqueIdentifier>
    </Filter>
    <Filter Include="Source\Dictionary">
      <UniqueIdentifier>{5b6001ba-a646-40c0-9e8d-7000ea1e7e3e}</UniqueIdentifier>
    </Filter>
    <Filter Include="Source\Dictionary\Dto">
      <UniqueIdentifier>{c9fa018c-ead9-415c-84b6-cae50f537555}</UniqueIdentifier>
    </Filter>
    <Filter Include="Source\Windows\Controls">
      <UniqueIdentifier>{1ad5c4d7-d432-40b1-a523-6adf151a1482}</UniqueIdentifier>
    </Filter>
    <Filter Include="Source\Windows\Controls\Buttons">
      <UniqueIdentifier>{1a267c04-ff9c-4add-a7c5-4e0cc4e5f892}</UniqueIdentifier>
    </Filter>
    <Filter Include="Source\Windows\Controls\Buttons\Base">
      <UniqueIdentifier>{d2786cbe-2ab2-4e09-aa55-1bd58a047c2d}</UniqueIdentifier>
    </Filter>
    <Filter Include="Source\Windows\Framework\Providers">
      <UniqueIdentifier>{f5798579-2dcd-4072-8913-8bdfb5ade6f0}</UniqueIdentifier>
    </Filter>
    <Filter Include="Source\Windows\Content\Translation">
      <UniqueIdentifier>{0fb3ebea-d276-4722-bee8-9a167ac10542}</UniqueIdentifier>
    </Filter>
    <Filter Include="Source\Windows\Content\Dictionary">
      <UniqueIdentifier>{e67beaf6-ff41-4df5-bd36-648b745610e5}</UniqueIdentifier>
    </Filter>
  </ItemGroup>
  <ItemGroup>
    <ClCompile Include="Source\main.cpp">
      <Filter>Source</Filter>
    </ClCompile>
    <ClCompile Include="Source\Windows\MainWindow.cpp">
      <Filter>Source\Windows</Filter>
    </ClCompile>
    <ClCompile Include="Source\Helpers\TextExtractor.cpp">
      <Filter>Source\Helpers</Filter>
    </ClCompile>
    <ClCompile Include="Source\TranslateEngine\TextPlayer.cpp">
      <Filter>Source\TranslateEngine</Filter>
    </ClCompile>
    <ClCompile Include="Source\TranslateEngine\Translator.cpp">
      <Filter>Source\TranslateEngine</Filter>
    </ClCompile>
    <ClCompile Include="Source\Loggers\Logger.cpp">
      <Filter>Source\Loggers</Filter>
    </ClCompile>
    <ClCompile Include="Source\Entities\TranslateResult.cpp">
      <Filter>Source\Entities</Filter>
    </ClCompile>
    <ClCompile Include="Source\PrecompiledHeaders\stdafx.cpp">
      <Filter>Source\PrecompiledSource</Filter>
    </ClCompile>
    <ClCompile Include="Source\Windows\Base\ChildWindow.cpp">
      <Filter>Source\Windows\Base</Filter>
    </ClCompile>
    <ClCompile Include="Source\Helpers\StringUtilities.cpp">
      <Filter>Source\Helpers</Filter>
    </ClCompile>
    <ClCompile Include="Source\Helpers\RequestProvider.cpp">
      <Filter>Source\Helpers</Filter>
    </ClCompile>
    <ClCompile Include="Source\TranslateEngine\TranslatePageParser.cpp">
      <Filter>Source\TranslateEngine</Filter>
    </ClCompile>
    <ClCompile Include="Source\Windows\Base\Window.cpp">
      <Filter>Source\Windows\Base</Filter>
    </ClCompile>
    <ClCompile Include="Source\Windows\Framework\RenderingContext.cpp">
      <Filter>Source\Windows\Framework</Filter>
    </ClCompile>
    <ClCompile Include="Source\Windows\Framework\Renderer.cpp">
      <Filter>Source\Windows\Framework</Filter>
    </ClCompile>
    <ClCompile Include="Source\Windows\Framework\Dto\WindowDescriptor.cpp">
      <Filter>Source\Windows\Framework\Dto</Filter>
    </ClCompile>
    <ClCompile Include="Source\Model\AppModel.cpp">
      <Filter>Source\Model</Filter>
    </ClCompile>
    <ClCompile Include="Source\Dictionary\Dictionary.cpp">
      <Filter>Source\Dictionary</Filter>
    </ClCompile>
    <ClCompile Include="Source\Dictionary\Dto\LogRecord.cpp">
      <Filter>Source\Dictionary\Dto</Filter>
    </ClCompile>
    <ClCompile Include="Source\Windows\Controls\Buttons\Base\HoverButtonWindow.cpp">
      <Filter>Source\Windows\Controls\Buttons\Base</Filter>
    </ClCompile>
    <ClCompile Include="Source\Windows\Controls\Buttons\HoverIconButtonWindow.cpp">
      <Filter>Source\Windows\Controls\Buttons</Filter>
    </ClCompile>
    <ClCompile Include="Source\Windows\Controls\Buttons\HoverTextButtonWindow.cpp">
      <Filter>Source\Windows\Controls\Buttons</Filter>
    </ClCompile>
    <ClCompile Include="Source\Windows\Framework\Providers\ScrollProvider.cpp">
      <Filter>Source\Windows\Framework\Providers</Filter>
    </ClCompile>
    <ClCompile Include="Source\Windows\Framework\Providers\ScaleProvider.cpp">
      <Filter>Source\Windows\Framework\Providers</Filter>
    </ClCompile>
    <ClCompile Include="Source\Windows\Framework\Providers\DeviceContextProvider.cpp">
      <Filter>Source\Windows\Framework\Providers</Filter>
    </ClCompile>
    <ClCompile Include="Source\Windows\Framework\WindowContext.cpp">
      <Filter>Source\Windows\Framework</Filter>
    </ClCompile>
    <ClCompile Include="Source\Windows\Content\Base\ContentWindow.cpp">
      <Filter>Source\Windows\Content\Base</Filter>
    </ClCompile>
    <ClCompile Include="Source\Windows\Content\Dictionary\DictionaryWindow.cpp">
      <Filter>Source\Windows\Content\Dictionary</Filter>
    </ClCompile>
    <ClCompile Include="Source\Windows\Content\Translation\HeaderWindow.cpp">
      <Filter>Source\Windows\Content\Translation</Filter>
    </ClCompile>
    <ClCompile Include="Source\Windows\Content\Translation\TranslateResultWindow.cpp">
      <Filter>Source\Windows\Content\Translation</Filter>
    </ClCompile>
    <ClCompile Include="Source\Windows\Content\Translation\TranslationWindow.cpp">
      <Filter>Source\Windows\Content\Translation</Filter>
    </ClCompile>
    <ClCompile Include="Source\Windows\Framework\DeviceContextBuffer.cpp">
      <Filter>Source\Windows\Framework</Filter>
    </ClCompile>
  </ItemGroup>
  <ItemGroup>
    <Image Include="Resources\SelectedTextTranslate.ico">
      <Filter>Resources</Filter>
    </Image>
  </ItemGroup>
  <ItemGroup>
    <ClInclude Include="Source\Windows\Content\Base\ContentWindow.h">
      <Filter>Source\Windows\Content\Base</Filter>
    </ClInclude>
    <ClInclude Include="Source\Entities\TranslateResult.h">
      <Filter>Source\Entities</Filter>
    </ClInclude>
    <ClInclude Include="Source\Entities\TranslateResultDictionary.h">
      <Filter>Source\Entities</Filter>
    </ClInclude>
    <ClInclude Include="Source\Entities\TranslateResultDictionaryEntry.h">
      <Filter>Source\Entities</Filter>
    </ClInclude>
    <ClInclude Include="Source\Entities\TranslateResultSentence.h">
      <Filter>Source\Entities</Filter>
    </ClInclude>
    <ClInclude Include="Source\Loggers\Logger.h">
      <Filter>Source\Loggers</Filter>
    </ClInclude>
    <ClInclude Include="Source\PrecompiledHeaders\stdafx.h">
      <Filter>Source\PrecompiledSource</Filter>
    </ClInclude>
    <ClInclude Include="Source\TranslateEngine\TextPlayer.h">
      <Filter>Source\TranslateEngine</Filter>
    </ClInclude>
    <ClInclude Include="Source\TranslateEngine\Translator.h">
      <Filter>Source\TranslateEngine</Filter>
    </ClInclude>
    <ClInclude Include="Source\Helpers\TextExtractor.h">
      <Filter>Source\Helpers</Filter>
    </ClInclude>
    <ClInclude Include="Source\Windows\MainWindow.h">
      <Filter>Source\Windows</Filter>
    </ClInclude>
    <ClInclude Include="Source\Windows\Base\ChildWindow.h">
      <Filter>Source\Windows\Base</Filter>
    </ClInclude>
    <ClInclude Include="Resources\resource.h">
      <Filter>Resources</Filter>
    </ClInclude>
    <ClInclude Include="Source\Helpers\StringUtilities.h">
      <Filter>Source\Helpers</Filter>
    </ClInclude>
    <ClInclude Include="Source\Helpers\RequestProvider.h">
      <Filter>Source\Helpers</Filter>
    </ClInclude>
    <ClInclude Include="Source\TranslateEngine\TranslatePageParser.h">
      <Filter>Source\TranslateEngine</Filter>
    </ClInclude>
    <ClInclude Include="Source\Windows\Framework\RenderingContext.h">
      <Filter>Source\Windows\Framework</Filter>
    </ClInclude>
    <ClInclude Include="Source\Windows\Framework\Renderer.h">
      <Filter>Source\Windows\Framework</Filter>
    </ClInclude>
    <ClInclude Include="Source\Windows\Framework\Enums\Colors.h">
      <Filter>Source\Windows\Framework\Enums</Filter>
    </ClInclude>
    <ClInclude Include="Source\Windows\Framework\Enums\FontSizes.h">
      <Filter>Source\Windows\Framework\Enums</Filter>
    </ClInclude>
    <ClInclude Include="Source\Windows\Framework\Enums\OverflowModes.h">
      <Filter>Source\Windows\Framework\Enums</Filter>
    </ClInclude>
    <ClInclude Include="Source\Windows\Framework\Dto\WindowDescriptor.h">
      <Filter>Source\Windows\Framework\Dto</Filter>
    </ClInclude>
    <ClInclude Include="Source\Model\Enums\ApplicationViews.h">
      <Filter>Source\Model\Enums</Filter>
    </ClInclude>
    <ClInclude Include="Source\Model\AppModel.h">
      <Filter>Source\Model</Filter>
    </ClInclude>
    <ClInclude Include="Source\Windows\Framework\Enums\ScrollBars.h">
      <Filter>Source\Windows\Framework\Enums</Filter>
    </ClInclude>
    <ClInclude Include="Source\Dictionary\Dictionary.h">
      <Filter>Source\Dictionary</Filter>
    </ClInclude>
    <ClInclude Include="Source\Dictionary\Dto\LogRecord.h">
      <Filter>Source\Dictionary\Dto</Filter>
    </ClInclude>
    <ClInclude Include="Source\Windows\Controls\Buttons\Base\HoverButtonWindow.h">
      <Filter>Source\Windows\Controls\Buttons\Base</Filter>
    </ClInclude>
    <ClInclude Include="Source\Windows\Controls\Buttons\HoverIconButtonWindow.h">
      <Filter>Source\Windows\Controls\Buttons</Filter>
    </ClInclude>
    <ClInclude Include="Source\Windows\Controls\Buttons\HoverTextButtonWindow.h">
      <Filter>Source\Windows\Controls\Buttons</Filter>
    </ClInclude>
    <ClInclude Include="Source\Windows\Framework\Providers\ScrollProvider.h">
      <Filter>Source\Windows\Framework\Providers</Filter>
    </ClInclude>
    <ClInclude Include="Source\Windows\Framework\Providers\ScaleProvider.h">
      <Filter>Source\Windows\Framework\Providers</Filter>
    </ClInclude>
    <ClInclude Include="Source\Windows\Framework\Providers\DeviceContextProvider.h">
      <Filter>Source\Windows\Framework\Providers</Filter>
    </ClInclude>
    <ClInclude Include="Source\Windows\Framework\WindowContext.h">
      <Filter>Source\Windows\Framework</Filter>
    </ClInclude>
    <ClInclude Include="Source\Windows\Base\Window.h">
      <Filter>Source\Windows\Base</Filter>
    </ClInclude>
    <ClInclude Include="Source\Windows\Content\Dictionary\DictionaryWindow.h">
      <Filter>Source\Windows\Content\Dictionary</Filter>
    </ClInclude>
    <ClInclude Include="Source\Windows\Content\Translation\HeaderWindow.h">
      <Filter>Source\Windows\Content\Translation</Filter>
    </ClInclude>
    <ClInclude Include="Source\Windows\Content\Translation\TranslateResultWindow.h">
      <Filter>Source\Windows\Content\Translation</Filter>
    </ClInclude>
    <ClInclude Include="Source\Windows\Content\Translation\TranslationWindow.h">
      <Filter>Source\Windows\Content\Translation</Filter>
    </ClInclude>
    <ClInclude Include="Source\Windows\Framework\DeviceContextBuffer.h">
      <Filter>Source\Windows\Framework</Filter>
    </ClInclude>
    <ClInclude Include="Source\Windows\Framework\Enums\WindowStates.h">
      <Filter>Source\Windows\Framework\Enums</Filter>
    </ClInclude>
  </ItemGroup>
  <ItemGroup>
    <None Include="packages.config" />
    <None Include="Resources\Audio.emf">
      <Filter>Resources</Filter>
    </None>
    <None Include="Resources\Audio_Inactive.emf">
      <Filter>Resources</Filter>
    </None>
    <None Include="Resources\translate.emf">
      <Filter>Resources</Filter>
    </None>
    <None Include="Resources\translate_inactive.emf">
      <Filter>Resources</Filter>
    </None>
  </ItemGroup>
  <ItemGroup>
    <ResourceCompile Include="Resources\Resource.rc">
      <Filter>Resources</Filter>
    </ResourceCompile>
  </ItemGroup>
</Project>